// !$*UTF8*$!
{
	archiveVersion = 1;
	classes = {
	};
	objectVersion = 56;
	objects = {

/* Begin PBXBuildFile section */
		0A18C22F2A6B803400AC5F1F /* PokePediaApp.swift in Sources */ = {isa = PBXBuildFile; fileRef = 0A18C22E2A6B803400AC5F1F /* PokePediaApp.swift */; };
		0A18C2312A6B803400AC5F1F /* PokepediaView.swift in Sources */ = {isa = PBXBuildFile; fileRef = 0A18C2302A6B803400AC5F1F /* PokepediaView.swift */; };
		0A18C2332A6B803600AC5F1F /* Assets.xcassets in Resources */ = {isa = PBXBuildFile; fileRef = 0A18C2322A6B803600AC5F1F /* Assets.xcassets */; };
		0A18C2362A6B803600AC5F1F /* Preview Assets.xcassets in Resources */ = {isa = PBXBuildFile; fileRef = 0A18C2352A6B803600AC5F1F /* Preview Assets.xcassets */; };
		0A18C23D2A6B97F500AC5F1F /* PokemonElement.swift in Sources */ = {isa = PBXBuildFile; fileRef = 0A18C23C2A6B97F500AC5F1F /* PokemonElement.swift */; };
		0A18C23F2A6BA42F00AC5F1F /* api.swift in Sources */ = {isa = PBXBuildFile; fileRef = 0A18C23E2A6BA42F00AC5F1F /* api.swift */; };
		0A950BB72A6C61F800876F05 /* utils.swift in Sources */ = {isa = PBXBuildFile; fileRef = 0A950BB62A6C61F800876F05 /* utils.swift */; };
		0A950BB92A6C628D00876F05 /* PokemonDetailView.swift in Sources */ = {isa = PBXBuildFile; fileRef = 0A950BB82A6C628D00876F05 /* PokemonDetailView.swift */; };
/* End PBXBuildFile section */

/* Begin PBXFileReference section */
		0A18C22B2A6B803400AC5F1F /* PokePedia.app */ = {isa = PBXFileReference; explicitFileType = wrapper.application; includeInIndex = 0; path = PokePedia.app; sourceTree = BUILT_PRODUCTS_DIR; };
		0A18C22E2A6B803400AC5F1F /* PokePediaApp.swift */ = {isa = PBXFileReference; lastKnownFileType = sourcecode.swift; path = PokePediaApp.swift; sourceTree = "<group>"; };
		0A18C2302A6B803400AC5F1F /* PokepediaView.swift */ = {isa = PBXFileReference; lastKnownFileType = sourcecode.swift; path = PokepediaView.swift; sourceTree = "<group>"; };
		0A18C2322A6B803600AC5F1F /* Assets.xcassets */ = {isa = PBXFileReference; lastKnownFileType = folder.assetcatalog; path = Assets.xcassets; sourceTree = "<group>"; };
		0A18C2352A6B803600AC5F1F /* Preview Assets.xcassets */ = {isa = PBXFileReference; lastKnownFileType = folder.assetcatalog; path = "Preview Assets.xcassets"; sourceTree = "<group>"; };
		0A18C23C2A6B97F500AC5F1F /* PokemonElement.swift */ = {isa = PBXFileReference; lastKnownFileType = sourcecode.swift; path = PokemonElement.swift; sourceTree = "<group>"; };
		0A18C23E2A6BA42F00AC5F1F /* api.swift */ = {isa = PBXFileReference; lastKnownFileType = sourcecode.swift; path = api.swift; sourceTree = "<group>"; };
		0A950BB62A6C61F800876F05 /* utils.swift */ = {isa = PBXFileReference; lastKnownFileType = sourcecode.swift; path = utils.swift; sourceTree = "<group>"; };
		0A950BB82A6C628D00876F05 /* PokemonDetailView.swift */ = {isa = PBXFileReference; lastKnownFileType = sourcecode.swift; path = PokemonDetailView.swift; sourceTree = "<group>"; };
/* End PBXFileReference section */

/* Begin PBXFrameworksBuildPhase section */
		0A18C2282A6B803400AC5F1F /* Frameworks */ = {
			isa = PBXFrameworksBuildPhase;
			buildActionMask = 2147483647;
			files = (
			);
			runOnlyForDeploymentPostprocessing = 0;
		};
/* End PBXFrameworksBuildPhase section */

/* Begin PBXGroup section */
		0A18C2222A6B803400AC5F1F = {
			isa = PBXGroup;
			children = (
				0A18C22D2A6B803400AC5F1F /* PokePedia */,
				0A18C22C2A6B803400AC5F1F /* Products */,
			);
			sourceTree = "<group>";
		};
		0A18C22C2A6B803400AC5F1F /* Products */ = {
			isa = PBXGroup;
			children = (
				0A18C22B2A6B803400AC5F1F /* PokePedia.app */,
			);
			name = Products;
			sourceTree = "<group>";
		};
		0A18C22D2A6B803400AC5F1F /* PokePedia */ = {
			isa = PBXGroup;
			children = (
				0A18C22E2A6B803400AC5F1F /* PokePediaApp.swift */,
				0A18C2302A6B803400AC5F1F /* PokepediaView.swift */,
				0A18C2322A6B803600AC5F1F /* Assets.xcassets */,
				0A18C2342A6B803600AC5F1F /* Preview Content */,
				0A18C23C2A6B97F500AC5F1F /* PokemonElement.swift */,
				0A18C23E2A6BA42F00AC5F1F /* api.swift */,
				0A950BB62A6C61F800876F05 /* utils.swift */,
				0A950BB82A6C628D00876F05 /* PokemonDetailView.swift */,
			);
			path = PokePedia;
			sourceTree = "<group>";
		};
		0A18C2342A6B803600AC5F1F /* Preview Content */ = {
			isa = PBXGroup;
			children = (
				0A18C2352A6B803600AC5F1F /* Preview Assets.xcassets */,
			);
			path = "Preview Content";
			sourceTree = "<group>";
		};
/* End PBXGroup section */

/* Begin PBXNativeTarget section */
		0A18C22A2A6B803400AC5F1F /* PokePedia */ = {
			isa = PBXNativeTarget;
			buildConfigurationList = 0A18C2392A6B803600AC5F1F /* Build configuration list for PBXNativeTarget "PokePedia" */;
			buildPhases = (
				0A18C2272A6B803400AC5F1F /* Sources */,
				0A18C2282A6B803400AC5F1F /* Frameworks */,
				0A18C2292A6B803400AC5F1F /* Resources */,
			);
			buildRules = (
			);
			dependencies = (
			);
			name = PokePedia;
			productName = PokePedia;
			productReference = 0A18C22B2A6B803400AC5F1F /* PokePedia.app */;
			productType = "com.apple.product-type.application";
		};
/* End PBXNativeTarget section */

/* Begin PBXProject section */
		0A18C2232A6B803400AC5F1F /* Project object */ = {
			isa = PBXProject;
			attributes = {
				BuildIndependentTargetsInParallel = 1;
				LastSwiftUpdateCheck = 1430;
				LastUpgradeCheck = 1430;
				TargetAttributes = {
					0A18C22A2A6B803400AC5F1F = {
						CreatedOnToolsVersion = 14.3;
					};
				};
			};
			buildConfigurationList = 0A18C2262A6B803400AC5F1F /* Build configuration list for PBXProject "PokePedia" */;
			compatibilityVersion = "Xcode 14.0";
			developmentRegion = en;
			hasScannedForEncodings = 0;
			knownRegions = (
				en,
				Base,
			);
			mainGroup = 0A18C2222A6B803400AC5F1F;
			productRefGroup = 0A18C22C2A6B803400AC5F1F /* Products */;
			projectDirPath = "";
			projectRoot = "";
			targets = (
				0A18C22A2A6B803400AC5F1F /* PokePedia */,
			);
		};
/* End PBXProject section */

/* Begin PBXResourcesBuildPhase section */
		0A18C2292A6B803400AC5F1F /* Resources */ = {
			isa = PBXResourcesBuildPhase;
			buildActionMask = 2147483647;
			files = (
				0A18C2362A6B803600AC5F1F /* Preview Assets.xcassets in Resources */,
				0A18C2332A6B803600AC5F1F /* Assets.xcassets in Resources */,
			);
			runOnlyForDeploymentPostprocessing = 0;
		};
/* End PBXResourcesBuildPhase section */

/* Begin PBXSourcesBuildPhase section */
		0A18C2272A6B803400AC5F1F /* Sources */ = {
			isa = PBXSourcesBuildPhase;
			buildActionMask = 2147483647;
			files = (
				0A950BB72A6C61F800876F05 /* utils.swift in Sources */,
				0A18C2312A6B803400AC5F1F /* PokepediaView.swift in Sources */,
				0A18C23F2A6BA42F00AC5F1F /* api.swift in Sources */,
				0A18C22F2A6B803400AC5F1F /* PokePediaApp.swift in Sources */,
				0A18C23D2A6B97F500AC5F1F /* PokemonElement.swift in Sources */,
				0A950BB92A6C628D00876F05 /* PokemonDetailView.swift in Sources */,
			);
			runOnlyForDeploymentPostprocessing = 0;
		};
/* End PBXSourcesBuildPhase section */

/* Begin XCBuildConfiguration section */
		0A18C2372A6B803600AC5F1F /* Debug */ = {
			isa = XCBuildConfiguration;
			buildSettings = {
				ALWAYS_SEARCH_USER_PATHS = NO;
				CLANG_ANALYZER_NONNULL = YES;
				CLANG_ANALYZER_NUMBER_OBJECT_CONVERSION = YES_AGGRESSIVE;
				CLANG_CXX_LANGUAGE_STANDARD = "gnu++20";
				CLANG_ENABLE_MODULES = YES;
				CLANG_ENABLE_OBJC_ARC = YES;
				CLANG_ENABLE_OBJC_WEAK = YES;
				CLANG_WARN_BLOCK_CAPTURE_AUTORELEASING = YES;
				CLANG_WARN_BOOL_CONVERSION = YES;
				CLANG_WARN_COMMA = YES;
				CLANG_WARN_CONSTANT_CONVERSION = YES;
				CLANG_WARN_DEPRECATED_OBJC_IMPLEMENTATIONS = YES;
				CLANG_WARN_DIRECT_OBJC_ISA_USAGE = YES_ERROR;
				CLANG_WARN_DOCUMENTATION_COMMENTS = YES;
				CLANG_WARN_EMPTY_BODY = YES;
				CLANG_WARN_ENUM_CONVERSION = YES;
				CLANG_WARN_INFINITE_RECURSION = YES;
				CLANG_WARN_INT_CONVERSION = YES;
				CLANG_WARN_NON_LITERAL_NULL_CONVERSION = YES;
				CLANG_WARN_OBJC_IMPLICIT_RETAIN_SELF = YES;
				CLANG_WARN_OBJC_LITERAL_CONVERSION = YES;
				CLANG_WARN_OBJC_ROOT_CLASS = YES_ERROR;
				CLANG_WARN_QUOTED_INCLUDE_IN_FRAMEWORK_HEADER = YES;
				CLANG_WARN_RANGE_LOOP_ANALYSIS = YES;
				CLANG_WARN_STRICT_PROTOTYPES = YES;
				CLANG_WARN_SUSPICIOUS_MOVE = YES;
				CLANG_WARN_UNGUARDED_AVAILABILITY = YES_AGGRESSIVE;
				CLANG_WARN_UNREACHABLE_CODE = YES;
				CLANG_WARN__DUPLICATE_METHOD_MATCH = YES;
				COPY_PHASE_STRIP = NO;
				DEBUG_INFORMATION_FORMAT = dwarf;
				ENABLE_STRICT_OBJC_MSGSEND = YES;
				ENABLE_TESTABILITY = YES;
				GCC_C_LANGUAGE_STANDARD = gnu11;
				GCC_DYNAMIC_NO_PIC = NO;
				GCC_NO_COMMON_BLOCKS = YES;
				GCC_OPTIMIZATION_LEVEL = 0;
				GCC_PREPROCESSOR_DEFINITIONS = (
					"DEBUG=1",
					"$(inherited)",
				);
				GCC_WARN_64_TO_32_BIT_CONVERSION = YES;
				GCC_WARN_ABOUT_RETURN_TYPE = YES_ERROR;
				GCC_WARN_UNDECLARED_SELECTOR = YES;
				GCC_WARN_UNINITIALIZED_AUTOS = YES_AGGRESSIVE;
				GCC_WARN_UNUSED_FUNCTION = YES;
				GCC_WARN_UNUSED_VARIABLE = YES;
				IPHONEOS_DEPLOYMENT_TARGET = 16.4;
				MTL_ENABLE_DEBUG_INFO = INCLUDE_SOURCE;
				MTL_FAST_MATH = YES;
				ONLY_ACTIVE_ARCH = YES;
				SDKROOT = iphoneos;
				SWIFT_ACTIVE_COMPILATION_CONDITIONS = DEBUG;
				SWIFT_OPTIMIZATION_LEVEL = "-Onone";
			};
			name = Debug;
		};
		0A18C2382A6B803600AC5F1F /* Release */ = {
			isa = XCBuildConfiguration;
			buildSettings = {
				ALWAYS_SEARCH_USER_PATHS = NO;
				CLANG_ANALYZER_NONNULL = YES;
				CLANG_ANALYZER_NUMBER_OBJECT_CONVERSION = YES_AGGRESSIVE;
				CLANG_CXX_LANGUAGE_STANDARD = "gnu++20";
				CLANG_ENABLE_MODULES = YES;
				CLANG_ENABLE_OBJC_ARC = YES;
				CLANG_ENABLE_OBJC_WEAK = YES;
				CLANG_WARN_BLOCK_CAPTURE_AUTORELEASING = YES;
				CLANG_WARN_BOOL_CONVERSION = YES;
				CLANG_WARN_COMMA = YES;
				CLANG_WARN_CONSTANT_CONVERSION = YES;
				CLANG_WARN_DEPRECATED_OBJC_IMPLEMENTATIONS = YES;
				CLANG_WARN_DIRECT_OBJC_ISA_USAGE = YES_ERROR;
				CLANG_WARN_DOCUMENTATION_COMMENTS = YES;
				CLANG_WARN_EMPTY_BODY = YES;
				CLANG_WARN_ENUM_CONVERSION = YES;
				CLANG_WARN_INFINITE_RECURSION = YES;
				CLANG_WARN_INT_CONVERSION = YES;
				CLANG_WARN_NON_LITERAL_NULL_CONVERSION = YES;
				CLANG_WARN_OBJC_IMPLICIT_RETAIN_SELF = YES;
				CLANG_WARN_OBJC_LITERAL_CONVERSION = YES;
				CLANG_WARN_OBJC_ROOT_CLASS = YES_ERROR;
				CLANG_WARN_QUOTED_INCLUDE_IN_FRAMEWORK_HEADER = YES;
				CLANG_WARN_RANGE_LOOP_ANALYSIS = YES;
				CLANG_WARN_STRICT_PROTOTYPES = YES;
				CLANG_WARN_SUSPICIOUS_MOVE = YES;
				CLANG_WARN_UNGUARDED_AVAILABILITY = YES_AGGRESSIVE;
				CLANG_WARN_UNREACHABLE_CODE = YES;
				CLANG_WARN__DUPLICATE_METHOD_MATCH = YES;
				COPY_PHASE_STRIP = NO;
				DEBUG_INFORMATION_FORMAT = "dwarf-with-dsym";
				ENABLE_NS_ASSERTIONS = NO;
				ENABLE_STRICT_OBJC_MSGSEND = YES;
				GCC_C_LANGUAGE_STANDARD = gnu11;
				GCC_NO_COMMON_BLOCKS = YES;
				GCC_WARN_64_TO_32_BIT_CONVERSION = YES;
				GCC_WARN_ABOUT_RETURN_TYPE = YES_ERROR;
				GCC_WARN_UNDECLARED_SELECTOR = YES;
				GCC_WARN_UNINITIALIZED_AUTOS = YES_AGGRESSIVE;
				GCC_WARN_UNUSED_FUNCTION = YES;
				GCC_WARN_UNUSED_VARIABLE = YES;
				IPHONEOS_DEPLOYMENT_TARGET = 16.4;
				MTL_ENABLE_DEBUG_INFO = NO;
				MTL_FAST_MATH = YES;
				SDKROOT = iphoneos;
				SWIFT_COMPILATION_MODE = wholemodule;
				SWIFT_OPTIMIZATION_LEVEL = "-O";
				VALIDATE_PRODUCT = YES;
			};
			name = Release;
		};
		0A18C23A2A6B803600AC5F1F /* Debug */ = {
			isa = XCBuildConfiguration;
			buildSettings = {
				ASSETCATALOG_COMPILER_APPICON_NAME = AppIcon;
				ASSETCATALOG_COMPILER_GLOBAL_ACCENT_COLOR_NAME = AccentColor;
				CODE_SIGN_STYLE = Automatic;
				CURRENT_PROJECT_VERSION = 1;
				DEVELOPMENT_ASSET_PATHS = "\"PokePedia/Preview Content\"";
				DEVELOPMENT_TEAM = 84GWU585RX;
				ENABLE_PREVIEWS = YES;
				GENERATE_INFOPLIST_FILE = YES;
				INFOPLIST_KEY_UIApplicationSceneManifest_Generation = YES;
				INFOPLIST_KEY_UIApplicationSupportsIndirectInputEvents = YES;
				INFOPLIST_KEY_UILaunchScreen_Generation = YES;
				INFOPLIST_KEY_UISupportedInterfaceOrientations_iPad = "UIInterfaceOrientationPortrait UIInterfaceOrientationPortraitUpsideDown UIInterfaceOrientationLandscapeLeft UIInterfaceOrientationLandscapeRight";
				INFOPLIST_KEY_UISupportedInterfaceOrientations_iPhone = "UIInterfaceOrientationPortrait UIInterfaceOrientationLandscapeLeft UIInterfaceOrientationLandscapeRight";
				LD_RUNPATH_SEARCH_PATHS = (
					"$(inherited)",
					"@executable_path/Frameworks",
				);
				MARKETING_VERSION = 1.0;
				PRODUCT_BUNDLE_IDENTIFIER = com.arizakevin.PokePedia;
				PRODUCT_NAME = "$(TARGET_NAME)";
				SWIFT_EMIT_LOC_STRINGS = YES;
				SWIFT_VERSION = 5.0;
				TARGETED_DEVICE_FAMILY = "1,2";
			};
			name = Debug;
		};
		0A18C23B2A6B803600AC5F1F /* Release */ = {
			isa = XCBuildConfiguration;
			buildSettings = {
				ASSETCATALOG_COMPILER_APPICON_NAME = AppIcon;
				ASSETCATALOG_COMPILER_GLOBAL_ACCENT_COLOR_NAME = AccentColor;
				CODE_SIGN_STYLE = Automatic;
				CURRENT_PROJECT_VERSION = 1;
				DEVELOPMENT_ASSET_PATHS = "\"PokePedia/Preview Content\"";
				DEVELOPMENT_TEAM = 84GWU585RX;
				ENABLE_PREVIEWS = YES;
				GENERATE_INFOPLIST_FILE = YES;
				INFOPLIST_KEY_UIApplicationSceneManifest_Generation = YES;
				INFOPLIST_KEY_UIApplicationSupportsIndirectInputEvents = YES;
				INFOPLIST_KEY_UILaunchScreen_Generation = YES;
				INFOPLIST_KEY_UISupportedInterfaceOrientations_iPad = "UIInterfaceOrientationPortrait UIInterfaceOrientationPortraitUpsideDown UIInterfaceOrientationLandscapeLeft UIInterfaceOrientationLandscapeRight";
				INFOPLIST_KEY_UISupportedInterfaceOrientations_iPhone = "UIInterfaceOrientationPortrait UIInterfaceOrientationLandscapeLeft UIInterfaceOrientationLandscapeRight";
				LD_RUNPATH_SEARCH_PATHS = (
					"$(inherited)",
					"@executable_path/Frameworks",
				);
				MARKETING_VERSION = 1.0;
				PRODUCT_BUNDLE_IDENTIFIER = com.arizakevin.PokePedia;
				PRODUCT_NAME = "$(TARGET_NAME)";
				SWIFT_EMIT_LOC_STRINGS = YES;
				SWIFT_VERSION = 5.0;
				TARGETED_DEVICE_FAMILY = "1,2";
			};
			name = Release;
		};
/* End XCBuildConfiguration section */

/* Begin XCConfigurationList section */
		0A18C2262A6B803400AC5F1F /* Build configuration list for PBXProject "PokePedia" */ = {
			isa = XCConfigurationList;
			buildConfigurations = (
				0A18C2372A6B803600AC5F1F /* Debug */,
				0A18C2382A6B803600AC5F1F /* Release */,
			);
			defaultConfigurationIsVisible = 0;
			defaultConfigurationName = Release;
		};
		0A18C2392A6B803600AC5F1F /* Build configuration list for PBXNativeTarget "PokePedia" */ = {
			isa = XCConfigurationList;
			buildConfigurations = (
				0A18C23A2A6B803600AC5F1F /* Debug */,
				0A18C23B2A6B803600AC5F1F /* Release */,
			);
			defaultConfigurationIsVisible = 0;
			defaultConfigurationName = Release;
		};
/* End XCConfigurationList section */
	};
	rootObject = 0A18C2232A6B803400AC5F1F /* Project object */;
}
